
Microsoft Visual Studio Solution File, Format Version 12.00
# Visual Studio Version 17
VisualStudioVersion = 17.2.32630.192
MinimumVisualStudioVersion = 10.0.40219.1
Project("{FAE04EC0-301F-11D3-BF4B-00C04F79EFBC}") = "Lab-Week-3", "Lab-Week-3\Lab-Week-3.csproj", "{72DDC037-F3EF-4E25-9739-0525BECD4A96}"
EndProject
Global
	GlobalSection(SolutionConfigurationPlatforms) = preSolution
		Debug|Any CPU = Debug|Any CPU
		Release|Any CPU = Release|Any CPU
	EndGlobalSection
	GlobalSection(ProjectConfigurationPlatforms) = postSolution
		{72DDC037-F3EF-4E25-9739-0525BECD4A96}.Debug|Any CPU.ActiveCfg = Debug|Any CPU
		{72DDC037-F3EF-4E25-9739-0525BECD4A96}.Debug|Any CPU.Build.0 = Debug|Any CPU
		{72DDC037-F3EF-4E25-9739-0525BECD4A96}.Release|Any CPU.ActiveCfg = Release|Any CPU
		{72DDC037-F3EF-4E25-9739-0525BECD4A96}.Release|Any CPU.Build.0 = Release|Any CPU
	EndGlobalSection
	GlobalSection(SolutionProperties) = preSolution
		HideSolutionNode = FALSE
	EndGlobalSection
	GlobalSection(ExtensibilityGlobals) = postSolution
		SolutionGuid = {8689C305-D9B1-4FCB-831C-8FAEFB52DE0A}
	EndGlobalSection
EndGlobal
